
Microsoft Visual Studio Solution File, Format Version 12.00
# Visual Studio Version 17
VisualStudioVersion = 17.10.35201.131
MinimumVisualStudioVersion = 10.0.40219.1
Project("{FAE04EC0-301F-11D3-BF4B-00C04F79EFBC}") = "Restaurant", "Restaurant\Restaurant.csproj", "{E8B7EFA3-3E37-41DC-9204-9A5F27D2AC82}"
EndProject
Global
	GlobalSection(SolutionConfigurationPlatforms) = preSolution
		Debug|Any CPU = Debug|Any CPU
		Release|Any CPU = Release|Any CPU
	EndGlobalSection
	GlobalSection(ProjectConfigurationPlatforms) = postSolution
		{E8B7EFA3-3E37-41DC-9204-9A5F27D2AC82}.Debug|Any CPU.ActiveCfg = Debug|Any CPU
		{E8B7EFA3-3E37-41DC-9204-9A5F27D2AC82}.Debug|Any CPU.Build.0 = Debug|Any CPU
		{E8B7EFA3-3E37-41DC-9204-9A5F27D2AC82}.Release|Any CPU.ActiveCfg = Release|Any CPU
		{E8B7EFA3-3E37-41DC-9204-9A5F27D2AC82}.Release|Any CPU.Build.0 = Release|Any CPU
	EndGlobalSection
	GlobalSection(SolutionProperties) = preSolution
		HideSolutionNode = FALSE
	EndGlobalSection
	GlobalSection(ExtensibilityGlobals) = postSolution
		SolutionGuid = {ADCCF2A8-5DE9-469D-8860-B38123413CB8}
	EndGlobalSection
EndGlobal
